// !$*UTF8*$!
{
	archiveVersion = 1;
	classes = {
	};
	objectVersion = 46;
	objects = {

/* Begin PBXBuildFile section */
		00190A6E1CF3F78500858AF5 /* AppDelegate.swift in Sources */ = {isa = PBXBuildFile; fileRef = 00190A6D1CF3F78500858AF5 /* AppDelegate.swift */; };
		00190A701CF3F78500858AF5 /* ViewController.swift in Sources */ = {isa = PBXBuildFile; fileRef = 00190A6F1CF3F78500858AF5 /* ViewController.swift */; };
		00190A731CF3F78500858AF5 /* Main.storyboard in Resources */ = {isa = PBXBuildFile; fileRef = 00190A711CF3F78500858AF5 /* Main.storyboard */; };
		00190A751CF3F78500858AF5 /* Assets.xcassets in Resources */ = {isa = PBXBuildFile; fileRef = 00190A741CF3F78500858AF5 /* Assets.xcassets */; };
		00190A781CF3F78500858AF5 /* LaunchScreen.storyboard in Resources */ = {isa = PBXBuildFile; fileRef = 00190A761CF3F78500858AF5 /* LaunchScreen.storyboard */; };
		00190A831CF3F78500858AF5 /* favorite_placeTests.swift in Sources */ = {isa = PBXBuildFile; fileRef = 00190A821CF3F78500858AF5 /* favorite_placeTests.swift */; };
		00190A8E1CF3F78500858AF5 /* favorite_placeUITests.swift in Sources */ = {isa = PBXBuildFile; fileRef = 00190A8D1CF3F78500858AF5 /* favorite_placeUITests.swift */; };
/* End PBXBuildFile section */

/* Begin PBXContainerItemProxy section */
		00190A7F1CF3F78500858AF5 /* PBXContainerItemProxy */ = {
			isa = PBXContainerItemProxy;
			containerPortal = 00190A621CF3F78500858AF5 /* Project object */;
			proxyType = 1;
			remoteGlobalIDString = 00190A691CF3F78500858AF5;
			remoteInfo = "favorite-place";
		};
		00190A8A1CF3F78500858AF5 /* PBXContainerItemProxy */ = {
			isa = PBXContainerItemProxy;
			containerPortal = 00190A621CF3F78500858AF5 /* Project object */;
			proxyType = 1;
			remoteGlobalIDString = 00190A691CF3F78500858AF5;
			remoteInfo = "favorite-place";
		};
/* End PBXContainerItemProxy section */

/* Begin PBXFileReference section */
		00190A6A1CF3F78500858AF5 /* favorite-place.app */ = {isa = PBXFileReference; explicitFileType = wrapper.application; includeInIndex = 0; path = "favorite-place.app"; sourceTree = BUILT_PRODUCTS_DIR; };
		00190A6D1CF3F78500858AF5 /* AppDelegate.swift */ = {isa = PBXFileReference; lastKnownFileType = sourcecode.swift; path = AppDelegate.swift; sourceTree = "<group>"; };
		00190A6F1CF3F78500858AF5 /* ViewController.swift */ = {isa = PBXFileReference; lastKnownFileType = sourcecode.swift; path = ViewController.swift; sourceTree = "<group>"; };
		00190A721CF3F78500858AF5 /* Base */ = {isa = PBXFileReference; lastKnownFileType = file.storyboard; name = Base; path = Base.lproj/Main.storyboard; sourceTree = "<group>"; };
		00190A741CF3F78500858AF5 /* Assets.xcassets */ = {isa = PBXFileReference; lastKnownFileType = folder.assetcatalog; path = Assets.xcassets; sourceTree = "<group>"; };
		00190A771CF3F78500858AF5 /* Base */ = {isa = PBXFileReference; lastKnownFileType = file.storyboard; name = Base; path = Base.lproj/LaunchScreen.storyboard; sourceTree = "<group>"; };
		00190A791CF3F78500858AF5 /* Info.plist */ = {isa = PBXFileReference; lastKnownFileType = text.plist.xml; path = Info.plist; sourceTree = "<group>"; };
		00190A7E1CF3F78500858AF5 /* favorite-placeTests.xctest */ = {isa = PBXFileReference; explicitFileType = wrapper.cfbundle; includeInIndex = 0; path = "favorite-placeTests.xctest"; sourceTree = BUILT_PRODUCTS_DIR; };
		00190A821CF3F78500858AF5 /* favorite_placeTests.swift */ = {isa = PBXFileReference; lastKnownFileType = sourcecode.swift; path = favorite_placeTests.swift; sourceTree = "<group>"; };
		00190A841CF3F78500858AF5 /* Info.plist */ = {isa = PBXFileReference; lastKnownFileType = text.plist.xml; path = Info.plist; sourceTree = "<group>"; };
		00190A891CF3F78500858AF5 /* favorite-placeUITests.xctest */ = {isa = PBXFileReference; explicitFileType = wrapper.cfbundle; includeInIndex = 0; path = "favorite-placeUITests.xctest"; sourceTree = BUILT_PRODUCTS_DIR; };
		00190A8D1CF3F78500858AF5 /* favorite_placeUITests.swift */ = {isa = PBXFileReference; lastKnownFileType = sourcecode.swift; path = favorite_placeUITests.swift; sourceTree = "<group>"; };
		00190A8F1CF3F78500858AF5 /* Info.plist */ = {isa = PBXFileReference; lastKnownFileType = text.plist.xml; path = Info.plist; sourceTree = "<group>"; };
/* End PBXFileReference section */

/* Begin PBXFrameworksBuildPhase section */
		00190A671CF3F78500858AF5 /* Frameworks */ = {
			isa = PBXFrameworksBuildPhase;
			buildActionMask = 2147483647;
			files = (
			);
			runOnlyForDeploymentPostprocessing = 0;
		};
		00190A7B1CF3F78500858AF5 /* Frameworks */ = {
			isa = PBXFrameworksBuildPhase;
			buildActionMask = 2147483647;
			files = (
			);
			runOnlyForDeploymentPostprocessing = 0;
		};
		00190A861CF3F78500858AF5 /* Frameworks */ = {
			isa = PBXFrameworksBuildPhase;
			buildActionMask = 2147483647;
			files = (
			);
			runOnlyForDeploymentPostprocessing = 0;
		};
/* End PBXFrameworksBuildPhase section */

/* Begin PBXGroup section */
		00190A611CF3F78500858AF5 = {
			isa = PBXGroup;
			children = (
				00190A6C1CF3F78500858AF5 /* favorite-place */,
				00190A811CF3F78500858AF5 /* favorite-placeTests */,
				00190A8C1CF3F78500858AF5 /* favorite-placeUITests */,
				00190A6B1CF3F78500858AF5 /* Products */,
			);
			sourceTree = "<group>";
		};
		00190A6B1CF3F78500858AF5 /* Products */ = {
			isa = PBXGroup;
			children = (
				00190A6A1CF3F78500858AF5 /* favorite-place.app */,
				00190A7E1CF3F78500858AF5 /* favorite-placeTests.xctest */,
				00190A891CF3F78500858AF5 /* favorite-placeUITests.xctest */,
			);
			name = Products;
			sourceTree = "<group>";
		};
		00190A6C1CF3F78500858AF5 /* favorite-place */ = {
			isa = PBXGroup;
			children = (
				00190A6D1CF3F78500858AF5 /* AppDelegate.swift */,
				00190A6F1CF3F78500858AF5 /* ViewController.swift */,
				00190A711CF3F78500858AF5 /* Main.storyboard */,
				00190A741CF3F78500858AF5 /* Assets.xcassets */,
				00190A761CF3F78500858AF5 /* LaunchScreen.storyboard */,
				00190A791CF3F78500858AF5 /* Info.plist */,
			);
			path = "favorite-place";
			sourceTree = "<group>";
		};
		00190A811CF3F78500858AF5 /* favorite-placeTests */ = {
			isa = PBXGroup;
			children = (
				00190A821CF3F78500858AF5 /* favorite_placeTests.swift */,
				00190A841CF3F78500858AF5 /* Info.plist */,
			);
			path = "favorite-placeTests";
			sourceTree = "<group>";
		};
		00190A8C1CF3F78500858AF5 /* favorite-placeUITests */ = {
			isa = PBXGroup;
			children = (
				00190A8D1CF3F78500858AF5 /* favorite_placeUITests.swift */,
				00190A8F1CF3F78500858AF5 /* Info.plist */,
			);
			path = "favorite-placeUITests";
			sourceTree = "<group>";
		};
/* End PBXGroup section */

/* Begin PBXNativeTarget section */
		00190A691CF3F78500858AF5 /* favorite-place */ = {
			isa = PBXNativeTarget;
			buildConfigurationList = 00190A921CF3F78500858AF5 /* Build configuration list for PBXNativeTarget "favorite-place" */;
			buildPhases = (
				00190A661CF3F78500858AF5 /* Sources */,
				00190A671CF3F78500858AF5 /* Frameworks */,
				00190A681CF3F78500858AF5 /* Resources */,
			);
			buildRules = (
			);
			dependencies = (
			);
			name = "favorite-place";
			productName = "favorite-place";
			productReference = 00190A6A1CF3F78500858AF5 /* favorite-place.app */;
			productType = "com.apple.product-type.application";
		};
		00190A7D1CF3F78500858AF5 /* favorite-placeTests */ = {
			isa = PBXNativeTarget;
			buildConfigurationList = 00190A951CF3F78500858AF5 /* Build configuration list for PBXNativeTarget "favorite-placeTests" */;
			buildPhases = (
				00190A7A1CF3F78500858AF5 /* Sources */,
				00190A7B1CF3F78500858AF5 /* Frameworks */,
				00190A7C1CF3F78500858AF5 /* Resources */,
			);
			buildRules = (
			);
			dependencies = (
				00190A801CF3F78500858AF5 /* PBXTargetDependency */,
			);
			name = "favorite-placeTests";
			productName = "favorite-placeTests";
			productReference = 00190A7E1CF3F78500858AF5 /* favorite-placeTests.xctest */;
			productType = "com.apple.product-type.bundle.unit-test";
		};
		00190A881CF3F78500858AF5 /* favorite-placeUITests */ = {
			isa = PBXNativeTarget;
			buildConfigurationList = 00190A981CF3F78500858AF5 /* Build configuration list for PBXNativeTarget "favorite-placeUITests" */;
			buildPhases = (
				00190A851CF3F78500858AF5 /* Sources */,
				00190A861CF3F78500858AF5 /* Frameworks */,
				00190A871CF3F78500858AF5 /* Resources */,
			);
			buildRules = (
			);
			dependencies = (
				00190A8B1CF3F78500858AF5 /* PBXTargetDependency */,
			);
			name = "favorite-placeUITests";
			productName = "favorite-placeUITests";
			productReference = 00190A891CF3F78500858AF5 /* favorite-placeUITests.xctest */;
			productType = "com.apple.product-type.bundle.ui-testing";
		};
/* End PBXNativeTarget section */

/* Begin PBXProject section */
		00190A621CF3F78500858AF5 /* Project object */ = {
			isa = PBXProject;
			attributes = {
				LastSwiftUpdateCheck = 0730;
				LastUpgradeCheck = 0730;
				ORGANIZATIONNAME = "Sagar Arora ";
				TargetAttributes = {
					00190A691CF3F78500858AF5 = {
						CreatedOnToolsVersion = 7.3;
					};
					00190A7D1CF3F78500858AF5 = {
						CreatedOnToolsVersion = 7.3;
						TestTargetID = 00190A691CF3F78500858AF5;
					};
					00190A881CF3F78500858AF5 = {
						CreatedOnToolsVersion = 7.3;
						TestTargetID = 00190A691CF3F78500858AF5;
					};
				};
			};
			buildConfigurationList = 00190A651CF3F78500858AF5 /* Build configuration list for PBXProject "favorite-place" */;
			compatibilityVersion = "Xcode 3.2";
			developmentRegion = English;
			hasScannedForEncodings = 0;
			knownRegions = (
				en,
				Base,
			);
			mainGroup = 00190A611CF3F78500858AF5;
			productRefGroup = 00190A6B1CF3F78500858AF5 /* Products */;
			projectDirPath = "";
			projectRoot = "";
			targets = (
				00190A691CF3F78500858AF5 /* favorite-place */,
				00190A7D1CF3F78500858AF5 /* favorite-placeTests */,
				00190A881CF3F78500858AF5 /* favorite-placeUITests */,
			);
		};
/* End PBXProject section */

/* Begin PBXResourcesBuildPhase section */
		00190A681CF3F78500858AF5 /* Resources */ = {
			isa = PBXResourcesBuildPhase;
			buildActionMask = 2147483647;
			files = (
				00190A781CF3F78500858AF5 /* LaunchScreen.storyboard in Resources */,
				00190A751CF3F78500858AF5 /* Assets.xcassets in Resources */,
				00190A731CF3F78500858AF5 /* Main.storyboard in Resources */,
			);
			runOnlyForDeploymentPostprocessing = 0;
		};
		00190A7C1CF3F78500858AF5 /* Resources */ = {
			isa = PBXResourcesBuildPhase;
			buildActionMask = 2147483647;
			files = (
			);
			runOnlyForDeploymentPostprocessing = 0;
		};
		00190A871CF3F78500858AF5 /* Resources */ = {
			isa = PBXResourcesBuildPhase;
			buildActionMask = 2147483647;
			files = (
			);
			runOnlyForDeploymentPostprocessing = 0;
		};
/* End PBXResourcesBuildPhase section */

/* Begin PBXSourcesBuildPhase section */
		00190A661CF3F78500858AF5 /* Sources */ = {
			isa = PBXSourcesBuildPhase;
			buildActionMask = 2147483647;
			files = (
				00190A701CF3F78500858AF5 /* ViewController.swift in Sources */,
				00190A6E1CF3F78500858AF5 /* AppDelegate.swift in Sources */,
			);
			runOnlyForDeploymentPostprocessing = 0;
		};
		00190A7A1CF3F78500858AF5 /* Sources */ = {
			isa = PBXSourcesBuildPhase;
			buildActionMask = 2147483647;
			files = (
				00190A831CF3F78500858AF5 /* favorite_placeTests.swift in Sources */,
			);
			runOnlyForDeploymentPostprocessing = 0;
		};
		00190A851CF3F78500858AF5 /* Sources */ = {
			isa = PBXSourcesBuildPhase;
			buildActionMask = 2147483647;
			files = (
				00190A8E1CF3F78500858AF5 /* favorite_placeUITests.swift in Sources */,
			);
			runOnlyForDeploymentPostprocessing = 0;
		};
/* End PBXSourcesBuildPhase section */

/* Begin PBXTargetDependency section */
		00190A801CF3F78500858AF5 /* PBXTargetDependency */ = {
			isa = PBXTargetDependency;
			target = 00190A691CF3F78500858AF5 /* favorite-place */;
			targetProxy = 00190A7F1CF3F78500858AF5 /* PBXContainerItemProxy */;
		};
		00190A8B1CF3F78500858AF5 /* PBXTargetDependency */ = {
			isa = PBXTargetDependency;
			target = 00190A691CF3F78500858AF5 /* favorite-place */;
			targetProxy = 00190A8A1CF3F78500858AF5 /* PBXContainerItemProxy */;
		};
/* End PBXTargetDependency section */

/* Begin PBXVariantGroup section */
		00190A711CF3F78500858AF5 /* Main.storyboard */ = {
			isa = PBXVariantGroup;
			children = (
				00190A721CF3F78500858AF5 /* Base */,
			);
			name = Main.storyboard;
			sourceTree = "<group>";
		};
		00190A761CF3F78500858AF5 /* LaunchScreen.storyboard */ = {
			isa = PBXVariantGroup;
			children = (
				00190A771CF3F78500858AF5 /* Base */,
			);
			name = LaunchScreen.storyboard;
			sourceTree = "<group>";
		};
/* End PBXVariantGroup section */

/* Begin XCBuildConfiguration section */
		00190A901CF3F78500858AF5 /* Debug */ = {
			isa = XCBuildConfiguration;
			buildSettings = {
				ALWAYS_SEARCH_USER_PATHS = NO;
				CLANG_ANALYZER_NONNULL = YES;
				CLANG_CXX_LANGUAGE_STANDARD = "gnu++0x";
				CLANG_CXX_LIBRARY = "libc++";
				CLANG_ENABLE_MODULES = YES;
				CLANG_ENABLE_OBJC_ARC = YES;
				CLANG_WARN_BOOL_CONVERSION = YES;
				CLANG_WARN_CONSTANT_CONVERSION = YES;
				CLANG_WARN_DIRECT_OBJC_ISA_USAGE = YES_ERROR;
				CLANG_WARN_EMPTY_BODY = YES;
				CLANG_WARN_ENUM_CONVERSION = YES;
				CLANG_WARN_INT_CONVERSION = YES;
				CLANG_WARN_OBJC_ROOT_CLASS = YES_ERROR;
				CLANG_WARN_UNREACHABLE_CODE = YES;
				CLANG_WARN__DUPLICATE_METHOD_MATCH = YES;
				"CODE_SIGN_IDENTITY[sdk=iphoneos*]" = "iPhone Developer";
				COPY_PHASE_STRIP = NO;
				DEBUG_INFORMATION_FORMAT = dwarf;
				ENABLE_STRICT_OBJC_MSGSEND = YES;
				ENABLE_TESTABILITY = YES;
				GCC_C_LANGUAGE_STANDARD = gnu99;
				GCC_DYNAMIC_NO_PIC = NO;
				GCC_NO_COMMON_BLOCKS = YES;
				GCC_OPTIMIZATION_LEVEL = 0;
				GCC_PREPROCESSOR_DEFINITIONS = (
					"DEBUG=1",
					"$(inherited)",
				);
				GCC_WARN_64_TO_32_BIT_CONVERSION = YES;
				GCC_WARN_ABOUT_RETURN_TYPE = YES_ERROR;
				GCC_WARN_UNDECLARED_SELECTOR = YES;
				GCC_WARN_UNINITIALIZED_AUTOS = YES_AGGRESSIVE;
				GCC_WARN_UNUSED_FUNCTION = YES;
				GCC_WARN_UNUSED_VARIABLE = YES;
				IPHONEOS_DEPLOYMENT_TARGET = 9.3;
				MTL_ENABLE_DEBUG_INFO = YES;
				ONLY_ACTIVE_ARCH = YES;
				SDKROOT = iphoneos;
				SWIFT_OPTIMIZATION_LEVEL = "-Onone";
				TARGETED_DEVICE_FAMILY = "1,2";
			};
			name = Debug;
		};
		00190A911CF3F78500858AF5 /* Release */ = {
			isa = XCBuildConfiguration;
			buildSettings = {
				ALWAYS_SEARCH_USER_PATHS = NO;
				CLANG_ANALYZER_NONNULL = YES;
				CLANG_CXX_LANGUAGE_STANDARD = "gnu++0x";
				CLANG_CXX_LIBRARY = "libc++";
				CLANG_ENABLE_MODULES = YES;
				CLANG_ENABLE_OBJC_ARC = YES;
				CLANG_WARN_BOOL_CONVERSION = YES;
				CLANG_WARN_CONSTANT_CONVERSION = YES;
				CLANG_WARN_DIRECT_OBJC_ISA_USAGE = YES_ERROR;
				CLANG_WARN_EMPTY_BODY = YES;
				CLANG_WARN_ENUM_CONVERSION = YES;
				CLANG_WARN_INT_CONVERSION = YES;
				CLANG_WARN_OBJC_ROOT_CLASS = YES_ERROR;
				CLANG_WARN_UNREACHABLE_CODE = YES;
				CLANG_WARN__DUPLICATE_METHOD_MATCH = YES;
				"CODE_SIGN_IDENTITY[sdk=iphoneos*]" = "iPhone Developer";
				COPY_PHASE_STRIP = NO;
				DEBUG_INFORMATION_FORMAT = "dwarf-with-dsym";
				ENABLE_NS_ASSERTIONS = NO;
				ENABLE_STRICT_OBJC_MSGSEND = YES;
				GCC_C_LANGUAGE_STANDARD = gnu99;
				GCC_NO_COMMON_BLOCKS = YES;
				GCC_WARN_64_TO_32_BIT_CONVERSION = YES;
				GCC_WARN_ABOUT_RETURN_TYPE = YES_ERROR;
				GCC_WARN_UNDECLARED_SELECTOR = YES;
				GCC_WARN_UNINITIALIZED_AUTOS = YES_AGGRESSIVE;
				GCC_WARN_UNUSED_FUNCTION = YES;
				GCC_WARN_UNUSED_VARIABLE = YES;
				IPHONEOS_DEPLOYMENT_TARGET = 9.3;
				MTL_ENABLE_DEBUG_INFO = NO;
				SDKROOT = iphoneos;
				TARGETED_DEVICE_FAMILY = "1,2";
				VALIDATE_PRODUCT = YES;
			};
			name = Release;
		};
		00190A931CF3F78500858AF5 /* Debug */ = {
			isa = XCBuildConfiguration;
			buildSettings = {
				ASSETCATALOG_COMPILER_APPICON_NAME = AppIcon;
				INFOPLIST_FILE = "favorite-place/Info.plist";
				LD_RUNPATH_SEARCH_PATHS = "$(inherited) @executable_path/Frameworks";
				PRODUCT_BUNDLE_IDENTIFIER = "com.arora.favorite-place";
				PRODUCT_NAME = "$(TARGET_NAME)";
			};
			name = Debug;
		};
		00190A941CF3F78500858AF5 /* Release */ = {
			isa = XCBuildConfiguration;
			buildSettings = {
				ASSETCATALOG_COMPILER_APPICON_NAME = AppIcon;
				INFOPLIST_FILE = "favorite-place/Info.plist";
				LD_RUNPATH_SEARCH_PATHS = "$(inherited) @executable_path/Frameworks";
				PRODUCT_BUNDLE_IDENTIFIER = "com.arora.favorite-place";
				PRODUCT_NAME = "$(TARGET_NAME)";
			};
			name = Release;
		};
		00190A961CF3F78500858AF5 /* Debug */ = {
			isa = XCBuildConfiguration;
			buildSettings = {
				BUNDLE_LOADER = "$(TEST_HOST)";
				INFOPLIST_FILE = "favorite-placeTests/Info.plist";
				LD_RUNPATH_SEARCH_PATHS = "$(inherited) @executable_path/Frameworks @loader_path/Frameworks";
				PRODUCT_BUNDLE_IDENTIFIER = "com.arora.favorite-placeTests";
				PRODUCT_NAME = "$(TARGET_NAME)";
				TEST_HOST = "$(BUILT_PRODUCTS_DIR)/favorite-place.app/favorite-place";
			};
			name = Debug;
		};
		00190A971CF3F78500858AF5 /* Release */ = {
			isa = XCBuildConfiguration;
			buildSettings = {
				BUNDLE_LOADER = "$(TEST_HOST)";
				INFOPLIST_FILE = "favorite-placeTests/Info.plist";
				LD_RUNPATH_SEARCH_PATHS = "$(inherited) @executable_path/Frameworks @loader_path/Frameworks";
				PRODUCT_BUNDLE_IDENTIFIER = "com.arora.favorite-placeTests";
				PRODUCT_NAME = "$(TARGET_NAME)";
				TEST_HOST = "$(BUILT_PRODUCTS_DIR)/favorite-place.app/favorite-place";
			};
			name = Release;
		};
		00190A991CF3F78500858AF5 /* Debug */ = {
			isa = XCBuildConfiguration;
			buildSettings = {
				INFOPLIST_FILE = "favorite-placeUITests/Info.plist";
				LD_RUNPATH_SEARCH_PATHS = "$(inherited) @executable_path/Frameworks @loader_path/Frameworks";
				PRODUCT_BUNDLE_IDENTIFIER = "com.arora.favorite-placeUITests";
				PRODUCT_NAME = "$(TARGET_NAME)";
				TEST_TARGET_NAME = "favorite-place";
			};
			name = Debug;
		};
		00190A9A1CF3F78500858AF5 /* Release */ = {
			isa = XCBuildConfiguration;
			buildSettings = {
				INFOPLIST_FILE = "favorite-placeUITests/Info.plist";
				LD_RUNPATH_SEARCH_PATHS = "$(inherited) @executable_path/Frameworks @loader_path/Frameworks";
				PRODUCT_BUNDLE_IDENTIFIER = "com.arora.favorite-placeUITests";
				PRODUCT_NAME = "$(TARGET_NAME)";
				TEST_TARGET_NAME = "favorite-place";
			};
			name = Release;
		};
/* End XCBuildConfiguration section */

/* Begin XCConfigurationList section */
		00190A651CF3F78500858AF5 /* Build configuration list for PBXProject "favorite-place" */ = {
			isa = XCConfigurationList;
			buildConfigurations = (
				00190A901CF3F78500858AF5 /* Debug */,
				00190A911CF3F78500858AF5 /* Release */,
			);
			defaultConfigurationIsVisible = 0;
			defaultConfigurationName = Release;
		};
		00190A921CF3F78500858AF5 /* Build configuration list for PBXNativeTarget "favorite-place" */ = {
			isa = XCConfigurationList;
			buildConfigurations = (
				00190A931CF3F78500858AF5 /* Debug */,
				00190A941CF3F78500858AF5 /* Release */,
			);
			defaultConfigurationIsVisible = 0;
		};
		00190A951CF3F78500858AF5 /* Build configuration list for PBXNativeTarget "favorite-placeTests" */ = {
			isa = XCConfigurationList;
			buildConfigurations = (
				00190A961CF3F78500858AF5 /* Debug */,
				00190A971CF3F78500858AF5 /* Release */,
			);
			defaultConfigurationIsVisible = 0;
		};
		00190A981CF3F78500858AF5 /* Build configuration list for PBXNativeTarget "favorite-placeUITests" */ = {
			isa = XCConfigurationList;
			buildConfigurations = (
				00190A991CF3F78500858AF5 /* Debug */,
				00190A9A1CF3F78500858AF5 /* Release */,
			);
			defaultConfigurationIsVisible = 0;
		};
/* End XCConfigurationList section */
	};
	rootObject = 00190A621CF3F78500858AF5 /* Project object */;
}
